
Microsoft Visual Studio Solution File, Format Version 12.00
# Visual Studio Version 16
VisualStudioVersion = 16.0.31205.134
MinimumVisualStudioVersion = 10.0.40219.1
Project("{FAE04EC0-301F-11D3-BF4B-00C04F79EFBC}") = "A5_Mahjabin_Sajadi_3P1", "A5_Mahjabin_Sajadi_3P1\A5_Mahjabin_Sajadi_3P1.csproj", "{3F999D46-8E14-40B3-A167-C1CF1B2D1944}"
EndProject
Global
	GlobalSection(SolutionConfigurationPlatforms) = preSolution
		Debug|Any CPU = Debug|Any CPU
		Release|Any CPU = Release|Any CPU
	EndGlobalSection
	GlobalSection(ProjectConfigurationPlatforms) = postSolution
		{3F999D46-8E14-40B3-A167-C1CF1B2D1944}.Debug|Any CPU.ActiveCfg = Debug|Any CPU
		{3F999D46-8E14-40B3-A167-C1CF1B2D1944}.Debug|Any CPU.Build.0 = Debug|Any CPU
		{3F999D46-8E14-40B3-A167-C1CF1B2D1944}.Release|Any CPU.ActiveCfg = Release|Any CPU
		{3F999D46-8E14-40B3-A167-C1CF1B2D1944}.Release|Any CPU.Build.0 = Release|Any CPU
	EndGlobalSection
	GlobalSection(SolutionProperties) = preSolution
		HideSolutionNode = FALSE
	EndGlobalSection
	GlobalSection(ExtensibilityGlobals) = postSolution
		SolutionGuid = {83ECE9D9-CA4C-459E-AD06-B31ECA24A86C}
	EndGlobalSection
EndGlobal
